# THIS IS AN AUTOGENERATED FILE. DO NOT EDIT THIS FILE DIRECTLY.
# yarn lockfile v1


ngraph.events@^1.2.1:
  version "1.2.2"
  resolved "https://registry.yarnpkg.com/ngraph.events/-/ngraph.events-1.2.2.tgz#3ceb92d676a04a4e7ce60a09fa8e17a4f0346d7f"
  integrity sha512-JsUbEOzANskax+WSYiAPETemLWYXmixuPAlmZmhIbIj6FH/WDgEGCGnRwUQBK0GjOnVm8Ui+e5IJ+5VZ4e32eQ==

ngraph.graph@^20.0.0:
  version "20.0.0"
  resolved "https://registry.yarnpkg.com/ngraph.graph/-/ngraph.graph-20.0.0.tgz#96dcce92c74405085d6c27a86218f336769b4472"
  integrity sha512-tJqmik6U5geNDSbmTSwm4R6coTMDbkfFFHD8wdeSJtKU/cxIWFsKtXuwMva/wTk6tQQl1C2//lrzmwfPJXAXHw==
  dependencies:
    ngraph.events "^1.2.1"

ngraph.path@^1.4.0:
  version "1.4.0"
  resolved "https://registry.yarnpkg.com/ngraph.path/-/ngraph.path-1.4.0.tgz#0b6701b187d92d3e72ba8ecfe094a4154fc69aba"
  integrity sha512-yJZay4tP0wcjqkkf8zlMQ/T+JOgU+EWfdE4w4TG8OS94B12J/+Z44UOYxVJErE8E6/wFunX1hMZEB1/GHsBYHg==
